
Microsoft Visual Studio Solution File, Format Version 12.00
# Visual Studio Version 17
VisualStudioVersion = 17.2.32630.192
MinimumVisualStudioVersion = 10.0.40219.1
Project("{9A19103F-16F7-4668-BE54-9A1E7A4F7556}") = "D8S.L0010.Construction", "D8S.L0010.Construction\D8S.L0010.Construction.csproj", "{DB23BAD9-9887-4698-90BA-F8BA10E97A8D}"
EndProject
Project("{9A19103F-16F7-4668-BE54-9A1E7A4F7556}") = "D8S.L0010", "D8S.L0010\D8S.L0010.csproj", "{3341B842-2D3C-4DC5-8D29-9629465F688D}"
EndProject
Project("{9A19103F-16F7-4668-BE54-9A1E7A4F7556}") = "R5T.L0010.F001", "R5T.L0010.F001\R5T.L0010.F001.csproj", "{199E29CB-3106-4745-8052-D211274F735C}"
EndProject
Project("{2150E333-8FDC-42A3-9474-1A3956D46DE8}") = "_Dependencies", "_Dependencies", "{31430D21-F11B-442C-8657-F131D8AA5198}"
EndProject
Project("{9A19103F-16F7-4668-BE54-9A1E7A4F7556}") = "R5T.F0000", "..\..\..\SafetyCone\R5T.F0000\source\R5T.F0000\R5T.F0000.csproj", "{5CB1DB10-ACDE-4233-86AC-FAA635436EEC}"
EndProject
Project("{9A19103F-16F7-4668-BE54-9A1E7A4F7556}") = "R5T.F0002", "..\..\..\SafetyCone\R5T.F0002\source\R5T.F0002\R5T.F0002.csproj", "{CBBC29A6-952E-42BE-8E24-2AC13D0AAC34}"
EndProject
Project("{9A19103F-16F7-4668-BE54-9A1E7A4F7556}") = "R5T.F0059", "..\..\..\SafetyCone\R5T.F0059\source\R5T.F0059\R5T.F0059.csproj", "{780F5093-B5DD-4E95-9300-B130F28F39DC}"
EndProject
Project("{9A19103F-16F7-4668-BE54-9A1E7A4F7556}") = "R5T.F0120", "..\..\..\SafetyCone\R5T.F0120\source\R5T.F0120\R5T.F0120.csproj", "{093BE294-6D99-410C-8D2B-576DE1C5D369}"
EndProject
Project("{9A19103F-16F7-4668-BE54-9A1E7A4F7556}") = "R5T.F0124", "..\..\..\SafetyCone\R5T.F0124\source\R5T.F0124\R5T.F0124.csproj", "{2DF6184E-0EAE-4E2A-B6C0-D6F73FAE8B0B}"
EndProject
Project("{9A19103F-16F7-4668-BE54-9A1E7A4F7556}") = "R5T.F0125", "..\..\..\SafetyCone\R5T.F0125\source\R5T.F0125\R5T.F0125.csproj", "{FA4A6171-F2B2-4B72-B1C6-C9449602A839}"
EndProject
Project("{9A19103F-16F7-4668-BE54-9A1E7A4F7556}") = "R5T.L0030.T000", "..\..\..\SafetyCone\R5T.L0030\source\R5T.L0030.T000\R5T.L0030.T000.csproj", "{00E13BA8-8A67-4EE9-BE65-D45EBA092446}"
EndProject
Project("{9A19103F-16F7-4668-BE54-9A1E7A4F7556}") = "R5T.L0030", "..\..\..\SafetyCone\R5T.L0030\source\R5T.L0030\R5T.L0030.csproj", "{5D7931E7-0925-4158-A748-FAA374259034}"
EndProject
Project("{9A19103F-16F7-4668-BE54-9A1E7A4F7556}") = "R5T.L0034", "..\..\..\SafetyCone\R5T.L0034\source\R5T.L0034\R5T.L0034.csproj", "{D225265E-A502-4981-9165-7DDBD4FE2F72}"
EndProject
Project("{9A19103F-16F7-4668-BE54-9A1E7A4F7556}") = "R5T.L0035", "..\..\..\SafetyCone\R5T.L0035\source\R5T.L0035\R5T.L0035.csproj", "{8CDAE270-F1E8-4D66-96FC-6EBA8198DAFA}"
EndProject
Project("{9A19103F-16F7-4668-BE54-9A1E7A4F7556}") = "R5T.L0053", "..\..\..\SafetyCone\R5T.L0053\source\R5T.L0053\R5T.L0053.csproj", "{17DBB1A8-D8F3-4073-A23D-EA61F3A308A4}"
EndProject
Project("{9A19103F-16F7-4668-BE54-9A1E7A4F7556}") = "R5T.L0056", "..\..\..\SafetyCone\R5T.L0056\source\R5T.L0056\R5T.L0056.csproj", "{F63E5A17-301E-4EDB-812F-F0A838B71317}"
EndProject
Project("{9A19103F-16F7-4668-BE54-9A1E7A4F7556}") = "R5T.L0066", "..\..\..\SafetyCone\R5T.L0066\source\R5T.L0066\R5T.L0066.csproj", "{41EF31CC-9DA6-4743-855A-39DAAFC046C7}"
EndProject
Project("{9A19103F-16F7-4668-BE54-9A1E7A4F7556}") = "R5T.NG0006", "..\..\..\SafetyCone\R5T.NG0006\source\R5T.NG0006\R5T.NG0006.csproj", "{14702DDE-3537-4DCF-8794-52AB2E2BEEF6}"
EndProject
Project("{9A19103F-16F7-4668-BE54-9A1E7A4F7556}") = "R5T.NG0022", "..\..\..\SafetyCone\R5T.NG0022\source\R5T.NG0022\R5T.NG0022.csproj", "{ED507EF1-ECBA-493D-80FE-0F6E659402D7}"
EndProject
Project("{9A19103F-16F7-4668-BE54-9A1E7A4F7556}") = "R5T.T0131", "..\..\..\SafetyCone\R5T.T0131\source\R5T.T0131\R5T.T0131.csproj", "{810E0F21-1094-4800-AC9D-10FD94F38F16}"
EndProject
Project("{9A19103F-16F7-4668-BE54-9A1E7A4F7556}") = "R5T.T0132", "..\..\..\SafetyCone\R5T.T0132\source\R5T.T0132\R5T.T0132.csproj", "{C671224B-5DBA-4C5C-AD80-C3FC04199D1C}"
EndProject
Project("{9A19103F-16F7-4668-BE54-9A1E7A4F7556}") = "R5T.T0142", "..\..\..\SafetyCone\R5T.T0142\source\R5T.T0142\R5T.T0142.csproj", "{0CC7E8DB-8574-4D15-AA02-259D18564C8D}"
EndProject
Project("{9A19103F-16F7-4668-BE54-9A1E7A4F7556}") = "R5T.T0143", "..\..\..\SafetyCone\R5T.T0143\source\R5T.T0143\R5T.T0143.csproj", "{BBBFEA73-7BE8-4AF7-8DEC-AF6785CB3F7F}"
EndProject
Project("{9A19103F-16F7-4668-BE54-9A1E7A4F7556}") = "R5T.T0150", "..\..\..\SafetyCone\R5T.T0150\source\R5T.T0150\R5T.T0150.csproj", "{CAE793D6-6BE1-4C36-B589-909E291251A2}"
EndProject
Project("{9A19103F-16F7-4668-BE54-9A1E7A4F7556}") = "R5T.T0151", "..\..\..\SafetyCone\R5T.T0151\source\R5T.T0151\R5T.T0151.csproj", "{FF756206-73B3-4673-A8A1-BD368DBD0CB0}"
EndProject
Project("{9A19103F-16F7-4668-BE54-9A1E7A4F7556}") = "R5T.T0156", "..\..\..\SafetyCone\R5T.T0156\source\R5T.T0156\R5T.T0156.csproj", "{4B2B15DA-32BE-4C18-BD0D-E6F8E9CF4190}"
EndProject
Project("{9A19103F-16F7-4668-BE54-9A1E7A4F7556}") = "R5T.T0158", "..\..\..\SafetyCone\R5T.T0158\source\R5T.T0158\R5T.T0158.csproj", "{77EEB5AB-6A41-47C1-94A5-D1474BCA6215}"
EndProject
Project("{9A19103F-16F7-4668-BE54-9A1E7A4F7556}") = "R5T.T0159", "..\..\..\SafetyCone\R5T.T0159\source\R5T.T0159\R5T.T0159.csproj", "{189A1C06-F070-4BCD-808A-CEC3AB2F5856}"
EndProject
Project("{9A19103F-16F7-4668-BE54-9A1E7A4F7556}") = "R5T.T0172", "..\..\..\SafetyCone\R5T.T0172\source\R5T.T0172\R5T.T0172.csproj", "{5AC8A980-8AF3-4C41-8F87-A69EBD02871C}"
EndProject
Project("{9A19103F-16F7-4668-BE54-9A1E7A4F7556}") = "R5T.T0174", "..\..\..\SafetyCone\R5T.T0174\source\R5T.T0174\R5T.T0174.csproj", "{8F02FE67-5EEC-4F2B-BE69-94637EBC2290}"
EndProject
Project("{9A19103F-16F7-4668-BE54-9A1E7A4F7556}") = "R5T.T0176", "..\..\..\SafetyCone\R5T.T0176\source\R5T.T0176\R5T.T0176.csproj", "{B3805692-F40B-44A4-A827-E7D83BCBA6E4}"
EndProject
Project("{9A19103F-16F7-4668-BE54-9A1E7A4F7556}") = "R5T.T0177", "..\..\..\SafetyCone\R5T.T0177\source\R5T.T0177\R5T.T0177.csproj", "{3BE06927-8C2B-415C-99F2-8339EC5707E5}"
EndProject
Project("{9A19103F-16F7-4668-BE54-9A1E7A4F7556}") = "R5T.T0178", "..\..\..\SafetyCone\R5T.T0178\source\R5T.T0178\R5T.T0178.csproj", "{14224D03-412C-46C1-A359-B7AB276711D1}"
EndProject
Project("{9A19103F-16F7-4668-BE54-9A1E7A4F7556}") = "R5T.T0179", "..\..\..\SafetyCone\R5T.T0179\source\R5T.T0179\R5T.T0179.csproj", "{93B9FE64-7C2F-4B79-8ABD-CC65D7E730D1}"
EndProject
Project("{9A19103F-16F7-4668-BE54-9A1E7A4F7556}") = "R5T.T0180", "..\..\..\SafetyCone\R5T.T0180\source\R5T.T0180\R5T.T0180.csproj", "{A1103E2D-2CC0-434D-9581-7F762661E7A5}"
EndProject
Project("{9A19103F-16F7-4668-BE54-9A1E7A4F7556}") = "R5T.T0181", "..\..\..\SafetyCone\R5T.T0181\source\R5T.T0181\R5T.T0181.csproj", "{FEF88139-50D2-4F60-B41F-C8370355235F}"
EndProject
Project("{9A19103F-16F7-4668-BE54-9A1E7A4F7556}") = "R5T.T0185", "..\..\..\SafetyCone\R5T.T0185\source\R5T.T0185\R5T.T0185.csproj", "{B7353E68-DB9C-4E54-8141-9F549B0CCD21}"
EndProject
Project("{9A19103F-16F7-4668-BE54-9A1E7A4F7556}") = "R5T.T0199", "..\..\..\SafetyCone\R5T.T0199\source\R5T.T0199\R5T.T0199.csproj", "{D6BD8E54-79A7-42A1-97A9-1CCB5E3A28EC}"
EndProject
Project("{9A19103F-16F7-4668-BE54-9A1E7A4F7556}") = "R5T.T0203", "..\..\..\SafetyCone\R5T.T0203\source\R5T.T0203\R5T.T0203.csproj", "{CDEEE9DB-5B55-453D-833D-C6E44D889633}"
EndProject
Project("{9A19103F-16F7-4668-BE54-9A1E7A4F7556}") = "R5T.T0213", "..\..\..\SafetyCone\R5T.T0213\source\R5T.T0213\R5T.T0213.csproj", "{34AEED0B-42BA-4002-B634-04A83C7E725C}"
EndProject
Project("{9A19103F-16F7-4668-BE54-9A1E7A4F7556}") = "R5T.T0218", "..\..\..\SafetyCone\R5T.T0218\source\R5T.T0218\R5T.T0218.csproj", "{CF36C739-76C9-41AE-BF66-E5B7FC9FE9A4}"
EndProject
Project("{9A19103F-16F7-4668-BE54-9A1E7A4F7556}") = "R5T.T0219", "..\..\..\SafetyCone\R5T.T0219\source\R5T.T0219\R5T.T0219.csproj", "{D34E8A11-0905-469C-B87A-7D9B6C7F08C8}"
EndProject
Project("{9A19103F-16F7-4668-BE54-9A1E7A4F7556}") = "R5T.T0220", "..\..\..\SafetyCone\R5T.T0220\source\R5T.T0220\R5T.T0220.csproj", "{030547F9-3658-4747-AC08-59DC49F61271}"
EndProject
Project("{9A19103F-16F7-4668-BE54-9A1E7A4F7556}") = "R5T.T0221", "..\..\..\SafetyCone\R5T.T0221\source\R5T.T0221\R5T.T0221.csproj", "{6A2E4BE5-DE0C-4439-A56F-60FF8D4C84EA}"
EndProject
Project("{9A19103F-16F7-4668-BE54-9A1E7A4F7556}") = "R5T.T0227", "..\..\..\SafetyCone\R5T.T0227\source\R5T.T0227\R5T.T0227.csproj", "{A2AB397A-BDA2-4F6B-BDDB-2C7861A9AEBA}"
EndProject
Project("{9A19103F-16F7-4668-BE54-9A1E7A4F7556}") = "R5T.Y0000", "..\..\..\SafetyCone\R5T.Y0000\source\R5T.Y0000\R5T.Y0000.csproj", "{5F4CD1AD-7C36-4EEF-BCAD-CD26EBD6FE1A}"
EndProject
Project("{9A19103F-16F7-4668-BE54-9A1E7A4F7556}") = "R5T.Y0006", "..\..\..\SafetyCone\R5T.Y0006\source\R5T.Y0006\R5T.Y0006.csproj", "{7519E2C9-3D0A-4E4A-90AC-102EAB738BDC}"
EndProject
Project("{9A19103F-16F7-4668-BE54-9A1E7A4F7556}") = "R5T.Z0000", "..\..\..\SafetyCone\R5T.Z0000\source\R5T.Z0000\R5T.Z0000.csproj", "{27F16842-325C-4BF8-8F9E-AF23E1B0C44B}"
EndProject
Project("{9A19103F-16F7-4668-BE54-9A1E7A4F7556}") = "R5T.Z0010.Platform", "..\..\..\SafetyCone\R5T.Z0010\source\R5T.Z0010.Platform\R5T.Z0010.Platform.csproj", "{DF4DC306-71F8-4A70-A05F-F561DABEB6DD}"
EndProject
Project("{9A19103F-16F7-4668-BE54-9A1E7A4F7556}") = "R5T.Z0010", "..\..\..\SafetyCone\R5T.Z0010\source\R5T.Z0010\R5T.Z0010.csproj", "{03BE2F85-E4DC-4F3F-886D-5AFCE5471600}"
EndProject
Project("{9A19103F-16F7-4668-BE54-9A1E7A4F7556}") = "R5T.Z0057.Platform", "..\..\..\SafetyCone\R5T.Z0057\source\R5T.Z0057.Platform\R5T.Z0057.Platform.csproj", "{D1E4C41C-86A4-401D-A34F-D03417EF3BAD}"
EndProject
Project("{9A19103F-16F7-4668-BE54-9A1E7A4F7556}") = "R5T.Z0057", "..\..\..\SafetyCone\R5T.Z0057\source\R5T.Z0057\R5T.Z0057.csproj", "{4416E118-6DF2-4C64-B49F-C06064480D2A}"
EndProject
Project("{9A19103F-16F7-4668-BE54-9A1E7A4F7556}") = "R5T.Z0058", "..\..\..\SafetyCone\R5T.Z0058\source\R5T.Z0058\R5T.Z0058.csproj", "{0F86D209-5EB1-4612-A477-43B5446837EE}"
EndProject
Project("{9A19103F-16F7-4668-BE54-9A1E7A4F7556}") = "R5T.L0032.F001", "..\..\..\SafetyCone\R5T.L0032\source\R5T.L0032.F001\R5T.L0032.F001.csproj", "{C056B452-2390-4D0C-8EF7-B18A6960F38E}"
EndProject
Project("{9A19103F-16F7-4668-BE54-9A1E7A4F7556}") = "R5T.L0032.F002", "..\..\..\SafetyCone\R5T.L0032\source\R5T.L0032.F002\R5T.L0032.F002.csproj", "{3E497F65-D82A-40AF-A733-E37936CEF4A2}"
EndProject
Project("{9A19103F-16F7-4668-BE54-9A1E7A4F7556}") = "R5T.L0032.T000", "..\..\..\SafetyCone\R5T.L0032\source\R5T.L0032.T000\R5T.L0032.T000.csproj", "{77B8E6AD-A1FA-48A5-AC92-04086D64FF94}"
EndProject
Project("{9A19103F-16F7-4668-BE54-9A1E7A4F7556}") = "R5T.L0032.Y000", "..\..\..\SafetyCone\R5T.L0032\source\R5T.L0032.Y000\R5T.L0032.Y000.csproj", "{0883C17F-14E4-4672-94AB-CC7A6AA80940}"
EndProject
Project("{9A19103F-16F7-4668-BE54-9A1E7A4F7556}") = "R5T.L0032.Z000", "..\..\..\SafetyCone\R5T.L0032\source\R5T.L0032.Z000\R5T.L0032.Z000.csproj", "{D534892B-E8ED-4583-BBB1-7D2FF9BA640E}"
EndProject
Project("{9A19103F-16F7-4668-BE54-9A1E7A4F7556}") = "R5T.L0032.Z001", "..\..\..\SafetyCone\R5T.L0032\source\R5T.L0032.Z001\R5T.L0032.Z001.csproj", "{4ADCDD2D-2EC2-4C5A-BDA8-81FAE31D19C1}"
EndProject
Project("{9A19103F-16F7-4668-BE54-9A1E7A4F7556}") = "R5T.L0032.Z002", "..\..\..\SafetyCone\R5T.L0032\source\R5T.L0032.Z002\R5T.L0032.Z002.csproj", "{6E4BF793-080F-45B2-A4E0-6C8010B7E649}"
EndProject
Global
	GlobalSection(NestedProjects) = preSolution
		{5CB1DB10-ACDE-4233-86AC-FAA635436EEC} = {31430D21-F11B-442C-8657-F131D8AA5198}
		{CBBC29A6-952E-42BE-8E24-2AC13D0AAC34} = {31430D21-F11B-442C-8657-F131D8AA5198}
		{780F5093-B5DD-4E95-9300-B130F28F39DC} = {31430D21-F11B-442C-8657-F131D8AA5198}
		{093BE294-6D99-410C-8D2B-576DE1C5D369} = {31430D21-F11B-442C-8657-F131D8AA5198}
		{2DF6184E-0EAE-4E2A-B6C0-D6F73FAE8B0B} = {31430D21-F11B-442C-8657-F131D8AA5198}
		{FA4A6171-F2B2-4B72-B1C6-C9449602A839} = {31430D21-F11B-442C-8657-F131D8AA5198}
		{00E13BA8-8A67-4EE9-BE65-D45EBA092446} = {31430D21-F11B-442C-8657-F131D8AA5198}
		{5D7931E7-0925-4158-A748-FAA374259034} = {31430D21-F11B-442C-8657-F131D8AA5198}
		{D225265E-A502-4981-9165-7DDBD4FE2F72} = {31430D21-F11B-442C-8657-F131D8AA5198}
		{8CDAE270-F1E8-4D66-96FC-6EBA8198DAFA} = {31430D21-F11B-442C-8657-F131D8AA5198}
		{17DBB1A8-D8F3-4073-A23D-EA61F3A308A4} = {31430D21-F11B-442C-8657-F131D8AA5198}
		{F63E5A17-301E-4EDB-812F-F0A838B71317} = {31430D21-F11B-442C-8657-F131D8AA5198}
		{41EF31CC-9DA6-4743-855A-39DAAFC046C7} = {31430D21-F11B-442C-8657-F131D8AA5198}
		{14702DDE-3537-4DCF-8794-52AB2E2BEEF6} = {31430D21-F11B-442C-8657-F131D8AA5198}
		{ED507EF1-ECBA-493D-80FE-0F6E659402D7} = {31430D21-F11B-442C-8657-F131D8AA5198}
		{810E0F21-1094-4800-AC9D-10FD94F38F16} = {31430D21-F11B-442C-8657-F131D8AA5198}
		{C671224B-5DBA-4C5C-AD80-C3FC04199D1C} = {31430D21-F11B-442C-8657-F131D8AA5198}
		{0CC7E8DB-8574-4D15-AA02-259D18564C8D} = {31430D21-F11B-442C-8657-F131D8AA5198}
		{BBBFEA73-7BE8-4AF7-8DEC-AF6785CB3F7F} = {31430D21-F11B-442C-8657-F131D8AA5198}
		{CAE793D6-6BE1-4C36-B589-909E291251A2} = {31430D21-F11B-442C-8657-F131D8AA5198}
		{FF756206-73B3-4673-A8A1-BD368DBD0CB0} = {31430D21-F11B-442C-8657-F131D8AA5198}
		{4B2B15DA-32BE-4C18-BD0D-E6F8E9CF4190} = {31430D21-F11B-442C-8657-F131D8AA5198}
		{77EEB5AB-6A41-47C1-94A5-D1474BCA6215} = {31430D21-F11B-442C-8657-F131D8AA5198}
		{189A1C06-F070-4BCD-808A-CEC3AB2F5856} = {31430D21-F11B-442C-8657-F131D8AA5198}
		{5AC8A980-8AF3-4C41-8F87-A69EBD02871C} = {31430D21-F11B-442C-8657-F131D8AA5198}
		{8F02FE67-5EEC-4F2B-BE69-94637EBC2290} = {31430D21-F11B-442C-8657-F131D8AA5198}
		{B3805692-F40B-44A4-A827-E7D83BCBA6E4} = {31430D21-F11B-442C-8657-F131D8AA5198}
		{3BE06927-8C2B-415C-99F2-8339EC5707E5} = {31430D21-F11B-442C-8657-F131D8AA5198}
		{14224D03-412C-46C1-A359-B7AB276711D1} = {31430D21-F11B-442C-8657-F131D8AA5198}
		{93B9FE64-7C2F-4B79-8ABD-CC65D7E730D1} = {31430D21-F11B-442C-8657-F131D8AA5198}
		{A1103E2D-2CC0-434D-9581-7F762661E7A5} = {31430D21-F11B-442C-8657-F131D8AA5198}
		{FEF88139-50D2-4F60-B41F-C8370355235F} = {31430D21-F11B-442C-8657-F131D8AA5198}
		{B7353E68-DB9C-4E54-8141-9F549B0CCD21} = {31430D21-F11B-442C-8657-F131D8AA5198}
		{D6BD8E54-79A7-42A1-97A9-1CCB5E3A28EC} = {31430D21-F11B-442C-8657-F131D8AA5198}
		{CDEEE9DB-5B55-453D-833D-C6E44D889633} = {31430D21-F11B-442C-8657-F131D8AA5198}
		{34AEED0B-42BA-4002-B634-04A83C7E725C} = {31430D21-F11B-442C-8657-F131D8AA5198}
		{CF36C739-76C9-41AE-BF66-E5B7FC9FE9A4} = {31430D21-F11B-442C-8657-F131D8AA5198}
		{D34E8A11-0905-469C-B87A-7D9B6C7F08C8} = {31430D21-F11B-442C-8657-F131D8AA5198}
		{030547F9-3658-4747-AC08-59DC49F61271} = {31430D21-F11B-442C-8657-F131D8AA5198}
		{6A2E4BE5-DE0C-4439-A56F-60FF8D4C84EA} = {31430D21-F11B-442C-8657-F131D8AA5198}
		{A2AB397A-BDA2-4F6B-BDDB-2C7861A9AEBA} = {31430D21-F11B-442C-8657-F131D8AA5198}
		{5F4CD1AD-7C36-4EEF-BCAD-CD26EBD6FE1A} = {31430D21-F11B-442C-8657-F131D8AA5198}
		{7519E2C9-3D0A-4E4A-90AC-102EAB738BDC} = {31430D21-F11B-442C-8657-F131D8AA5198}
		{27F16842-325C-4BF8-8F9E-AF23E1B0C44B} = {31430D21-F11B-442C-8657-F131D8AA5198}
		{DF4DC306-71F8-4A70-A05F-F561DABEB6DD} = {31430D21-F11B-442C-8657-F131D8AA5198}
		{03BE2F85-E4DC-4F3F-886D-5AFCE5471600} = {31430D21-F11B-442C-8657-F131D8AA5198}
		{D1E4C41C-86A4-401D-A34F-D03417EF3BAD} = {31430D21-F11B-442C-8657-F131D8AA5198}
		{4416E118-6DF2-4C64-B49F-C06064480D2A} = {31430D21-F11B-442C-8657-F131D8AA5198}
		{0F86D209-5EB1-4612-A477-43B5446837EE} = {31430D21-F11B-442C-8657-F131D8AA5198}
		{C056B452-2390-4D0C-8EF7-B18A6960F38E} = {31430D21-F11B-442C-8657-F131D8AA5198}
		{3E497F65-D82A-40AF-A733-E37936CEF4A2} = {31430D21-F11B-442C-8657-F131D8AA5198}
		{77B8E6AD-A1FA-48A5-AC92-04086D64FF94} = {31430D21-F11B-442C-8657-F131D8AA5198}
		{0883C17F-14E4-4672-94AB-CC7A6AA80940} = {31430D21-F11B-442C-8657-F131D8AA5198}
		{D534892B-E8ED-4583-BBB1-7D2FF9BA640E} = {31430D21-F11B-442C-8657-F131D8AA5198}
		{4ADCDD2D-2EC2-4C5A-BDA8-81FAE31D19C1} = {31430D21-F11B-442C-8657-F131D8AA5198}
		{6E4BF793-080F-45B2-A4E0-6C8010B7E649} = {31430D21-F11B-442C-8657-F131D8AA5198}
	EndGlobalSection
	GlobalSection(SolutionConfigurationPlatforms) = preSolution
		Debug|Any CPU = Debug|Any CPU
		Release|Any CPU = Release|Any CPU
	EndGlobalSection
	GlobalSection(ProjectConfigurationPlatforms) = postSolution
		{DB23BAD9-9887-4698-90BA-F8BA10E97A8D}.Debug|Any CPU.ActiveCfg = Debug|Any CPU
		{DB23BAD9-9887-4698-90BA-F8BA10E97A8D}.Debug|Any CPU.Build.0 = Debug|Any CPU
		{DB23BAD9-9887-4698-90BA-F8BA10E97A8D}.Release|Any CPU.ActiveCfg = Release|Any CPU
		{DB23BAD9-9887-4698-90BA-F8BA10E97A8D}.Release|Any CPU.Build.0 = Release|Any CPU
		{3341B842-2D3C-4DC5-8D29-9629465F688D}.Debug|Any CPU.ActiveCfg = Debug|Any CPU
		{3341B842-2D3C-4DC5-8D29-9629465F688D}.Debug|Any CPU.Build.0 = Debug|Any CPU
		{3341B842-2D3C-4DC5-8D29-9629465F688D}.Release|Any CPU.ActiveCfg = Release|Any CPU
		{3341B842-2D3C-4DC5-8D29-9629465F688D}.Release|Any CPU.Build.0 = Release|Any CPU
		{199E29CB-3106-4745-8052-D211274F735C}.Debug|Any CPU.ActiveCfg = Debug|Any CPU
		{199E29CB-3106-4745-8052-D211274F735C}.Debug|Any CPU.Build.0 = Debug|Any CPU
		{199E29CB-3106-4745-8052-D211274F735C}.Release|Any CPU.ActiveCfg = Release|Any CPU
		{199E29CB-3106-4745-8052-D211274F735C}.Release|Any CPU.Build.0 = Release|Any CPU
		{5CB1DB10-ACDE-4233-86AC-FAA635436EEC}.Debug|Any CPU.ActiveCfg = Debug|Any CPU
		{5CB1DB10-ACDE-4233-86AC-FAA635436EEC}.Debug|Any CPU.Build.0 = Debug|Any CPU
		{5CB1DB10-ACDE-4233-86AC-FAA635436EEC}.Release|Any CPU.ActiveCfg = Release|Any CPU
		{5CB1DB10-ACDE-4233-86AC-FAA635436EEC}.Release|Any CPU.Build.0 = Release|Any CPU
		{CBBC29A6-952E-42BE-8E24-2AC13D0AAC34}.Debug|Any CPU.ActiveCfg = Debug|Any CPU
		{CBBC29A6-952E-42BE-8E24-2AC13D0AAC34}.Debug|Any CPU.Build.0 = Debug|Any CPU
		{CBBC29A6-952E-42BE-8E24-2AC13D0AAC34}.Release|Any CPU.ActiveCfg = Release|Any CPU
		{CBBC29A6-952E-42BE-8E24-2AC13D0AAC34}.Release|Any CPU.Build.0 = Release|Any CPU
		{780F5093-B5DD-4E95-9300-B130F28F39DC}.Debug|Any CPU.ActiveCfg = Debug|Any CPU
		{780F5093-B5DD-4E95-9300-B130F28F39DC}.Debug|Any CPU.Build.0 = Debug|Any CPU
		{780F5093-B5DD-4E95-9300-B130F28F39DC}.Release|Any CPU.ActiveCfg = Release|Any CPU
		{780F5093-B5DD-4E95-9300-B130F28F39DC}.Release|Any CPU.Build.0 = Release|Any CPU
		{093BE294-6D99-410C-8D2B-576DE1C5D369}.Debug|Any CPU.ActiveCfg = Debug|Any CPU
		{093BE294-6D99-410C-8D2B-576DE1C5D369}.Debug|Any CPU.Build.0 = Debug|Any CPU
		{093BE294-6D99-410C-8D2B-576DE1C5D369}.Release|Any CPU.ActiveCfg = Release|Any CPU
		{093BE294-6D99-410C-8D2B-576DE1C5D369}.Release|Any CPU.Build.0 = Release|Any CPU
		{2DF6184E-0EAE-4E2A-B6C0-D6F73FAE8B0B}.Debug|Any CPU.ActiveCfg = Debug|Any CPU
		{2DF6184E-0EAE-4E2A-B6C0-D6F73FAE8B0B}.Debug|Any CPU.Build.0 = Debug|Any CPU
		{2DF6184E-0EAE-4E2A-B6C0-D6F73FAE8B0B}.Release|Any CPU.ActiveCfg = Release|Any CPU
		{2DF6184E-0EAE-4E2A-B6C0-D6F73FAE8B0B}.Release|Any CPU.Build.0 = Release|Any CPU
		{FA4A6171-F2B2-4B72-B1C6-C9449602A839}.Debug|Any CPU.ActiveCfg = Debug|Any CPU
		{FA4A6171-F2B2-4B72-B1C6-C9449602A839}.Debug|Any CPU.Build.0 = Debug|Any CPU
		{FA4A6171-F2B2-4B72-B1C6-C9449602A839}.Release|Any CPU.ActiveCfg = Release|Any CPU
		{FA4A6171-F2B2-4B72-B1C6-C9449602A839}.Release|Any CPU.Build.0 = Release|Any CPU
		{00E13BA8-8A67-4EE9-BE65-D45EBA092446}.Debug|Any CPU.ActiveCfg = Debug|Any CPU
		{00E13BA8-8A67-4EE9-BE65-D45EBA092446}.Debug|Any CPU.Build.0 = Debug|Any CPU
		{00E13BA8-8A67-4EE9-BE65-D45EBA092446}.Release|Any CPU.ActiveCfg = Release|Any CPU
		{00E13BA8-8A67-4EE9-BE65-D45EBA092446}.Release|Any CPU.Build.0 = Release|Any CPU
		{5D7931E7-0925-4158-A748-FAA374259034}.Debug|Any CPU.ActiveCfg = Debug|Any CPU
		{5D7931E7-0925-4158-A748-FAA374259034}.Debug|Any CPU.Build.0 = Debug|Any CPU
		{5D7931E7-0925-4158-A748-FAA374259034}.Release|Any CPU.ActiveCfg = Release|Any CPU
		{5D7931E7-0925-4158-A748-FAA374259034}.Release|Any CPU.Build.0 = Release|Any CPU
		{D225265E-A502-4981-9165-7DDBD4FE2F72}.Debug|Any CPU.ActiveCfg = Debug|Any CPU
		{D225265E-A502-4981-9165-7DDBD4FE2F72}.Debug|Any CPU.Build.0 = Debug|Any CPU
		{D225265E-A502-4981-9165-7DDBD4FE2F72}.Release|Any CPU.ActiveCfg = Release|Any CPU
		{D225265E-A502-4981-9165-7DDBD4FE2F72}.Release|Any CPU.Build.0 = Release|Any CPU
		{8CDAE270-F1E8-4D66-96FC-6EBA8198DAFA}.Debug|Any CPU.ActiveCfg = Debug|Any CPU
		{8CDAE270-F1E8-4D66-96FC-6EBA8198DAFA}.Debug|Any CPU.Build.0 = Debug|Any CPU
		{8CDAE270-F1E8-4D66-96FC-6EBA8198DAFA}.Release|Any CPU.ActiveCfg = Release|Any CPU
		{8CDAE270-F1E8-4D66-96FC-6EBA8198DAFA}.Release|Any CPU.Build.0 = Release|Any CPU
		{17DBB1A8-D8F3-4073-A23D-EA61F3A308A4}.Debug|Any CPU.ActiveCfg = Debug|Any CPU
		{17DBB1A8-D8F3-4073-A23D-EA61F3A308A4}.Debug|Any CPU.Build.0 = Debug|Any CPU
		{17DBB1A8-D8F3-4073-A23D-EA61F3A308A4}.Release|Any CPU.ActiveCfg = Release|Any CPU
		{17DBB1A8-D8F3-4073-A23D-EA61F3A308A4}.Release|Any CPU.Build.0 = Release|Any CPU
		{F63E5A17-301E-4EDB-812F-F0A838B71317}.Debug|Any CPU.ActiveCfg = Debug|Any CPU
		{F63E5A17-301E-4EDB-812F-F0A838B71317}.Debug|Any CPU.Build.0 = Debug|Any CPU
		{F63E5A17-301E-4EDB-812F-F0A838B71317}.Release|Any CPU.ActiveCfg = Release|Any CPU
		{F63E5A17-301E-4EDB-812F-F0A838B71317}.Release|Any CPU.Build.0 = Release|Any CPU
		{41EF31CC-9DA6-4743-855A-39DAAFC046C7}.Debug|Any CPU.ActiveCfg = Debug|Any CPU
		{41EF31CC-9DA6-4743-855A-39DAAFC046C7}.Debug|Any CPU.Build.0 = Debug|Any CPU
		{41EF31CC-9DA6-4743-855A-39DAAFC046C7}.Release|Any CPU.ActiveCfg = Release|Any CPU
		{41EF31CC-9DA6-4743-855A-39DAAFC046C7}.Release|Any CPU.Build.0 = Release|Any CPU
		{14702DDE-3537-4DCF-8794-52AB2E2BEEF6}.Debug|Any CPU.ActiveCfg = Debug|Any CPU
		{14702DDE-3537-4DCF-8794-52AB2E2BEEF6}.Debug|Any CPU.Build.0 = Debug|Any CPU
		{14702DDE-3537-4DCF-8794-52AB2E2BEEF6}.Release|Any CPU.ActiveCfg = Release|Any CPU
		{14702DDE-3537-4DCF-8794-52AB2E2BEEF6}.Release|Any CPU.Build.0 = Release|Any CPU
		{ED507EF1-ECBA-493D-80FE-0F6E659402D7}.Debug|Any CPU.ActiveCfg = Debug|Any CPU
		{ED507EF1-ECBA-493D-80FE-0F6E659402D7}.Debug|Any CPU.Build.0 = Debug|Any CPU
		{ED507EF1-ECBA-493D-80FE-0F6E659402D7}.Release|Any CPU.ActiveCfg = Release|Any CPU
		{ED507EF1-ECBA-493D-80FE-0F6E659402D7}.Release|Any CPU.Build.0 = Release|Any CPU
		{810E0F21-1094-4800-AC9D-10FD94F38F16}.Debug|Any CPU.ActiveCfg = Debug|Any CPU
		{810E0F21-1094-4800-AC9D-10FD94F38F16}.Debug|Any CPU.Build.0 = Debug|Any CPU
		{810E0F21-1094-4800-AC9D-10FD94F38F16}.Release|Any CPU.ActiveCfg = Release|Any CPU
		{810E0F21-1094-4800-AC9D-10FD94F38F16}.Release|Any CPU.Build.0 = Release|Any CPU
		{C671224B-5DBA-4C5C-AD80-C3FC04199D1C}.Debug|Any CPU.ActiveCfg = Debug|Any CPU
		{C671224B-5DBA-4C5C-AD80-C3FC04199D1C}.Debug|Any CPU.Build.0 = Debug|Any CPU
		{C671224B-5DBA-4C5C-AD80-C3FC04199D1C}.Release|Any CPU.ActiveCfg = Release|Any CPU
		{C671224B-5DBA-4C5C-AD80-C3FC04199D1C}.Release|Any CPU.Build.0 = Release|Any CPU
		{0CC7E8DB-8574-4D15-AA02-259D18564C8D}.Debug|Any CPU.ActiveCfg = Debug|Any CPU
		{0CC7E8DB-8574-4D15-AA02-259D18564C8D}.Debug|Any CPU.Build.0 = Debug|Any CPU
		{0CC7E8DB-8574-4D15-AA02-259D18564C8D}.Release|Any CPU.ActiveCfg = Release|Any CPU
		{0CC7E8DB-8574-4D15-AA02-259D18564C8D}.Release|Any CPU.Build.0 = Release|Any CPU
		{BBBFEA73-7BE8-4AF7-8DEC-AF6785CB3F7F}.Debug|Any CPU.ActiveCfg = Debug|Any CPU
		{BBBFEA73-7BE8-4AF7-8DEC-AF6785CB3F7F}.Debug|Any CPU.Build.0 = Debug|Any CPU
		{BBBFEA73-7BE8-4AF7-8DEC-AF6785CB3F7F}.Release|Any CPU.ActiveCfg = Release|Any CPU
		{BBBFEA73-7BE8-4AF7-8DEC-AF6785CB3F7F}.Release|Any CPU.Build.0 = Release|Any CPU
		{CAE793D6-6BE1-4C36-B589-909E291251A2}.Debug|Any CPU.ActiveCfg = Debug|Any CPU
		{CAE793D6-6BE1-4C36-B589-909E291251A2}.Debug|Any CPU.Build.0 = Debug|Any CPU
		{CAE793D6-6BE1-4C36-B589-909E291251A2}.Release|Any CPU.ActiveCfg = Release|Any CPU
		{CAE793D6-6BE1-4C36-B589-909E291251A2}.Release|Any CPU.Build.0 = Release|Any CPU
		{FF756206-73B3-4673-A8A1-BD368DBD0CB0}.Debug|Any CPU.ActiveCfg = Debug|Any CPU
		{FF756206-73B3-4673-A8A1-BD368DBD0CB0}.Debug|Any CPU.Build.0 = Debug|Any CPU
		{FF756206-73B3-4673-A8A1-BD368DBD0CB0}.Release|Any CPU.ActiveCfg = Release|Any CPU
		{FF756206-73B3-4673-A8A1-BD368DBD0CB0}.Release|Any CPU.Build.0 = Release|Any CPU
		{4B2B15DA-32BE-4C18-BD0D-E6F8E9CF4190}.Debug|Any CPU.ActiveCfg = Debug|Any CPU
		{4B2B15DA-32BE-4C18-BD0D-E6F8E9CF4190}.Debug|Any CPU.Build.0 = Debug|Any CPU
		{4B2B15DA-32BE-4C18-BD0D-E6F8E9CF4190}.Release|Any CPU.ActiveCfg = Release|Any CPU
		{4B2B15DA-32BE-4C18-BD0D-E6F8E9CF4190}.Release|Any CPU.Build.0 = Release|Any CPU
		{77EEB5AB-6A41-47C1-94A5-D1474BCA6215}.Debug|Any CPU.ActiveCfg = Debug|Any CPU
		{77EEB5AB-6A41-47C1-94A5-D1474BCA6215}.Debug|Any CPU.Build.0 = Debug|Any CPU
		{77EEB5AB-6A41-47C1-94A5-D1474BCA6215}.Release|Any CPU.ActiveCfg = Release|Any CPU
		{77EEB5AB-6A41-47C1-94A5-D1474BCA6215}.Release|Any CPU.Build.0 = Release|Any CPU
		{189A1C06-F070-4BCD-808A-CEC3AB2F5856}.Debug|Any CPU.ActiveCfg = Debug|Any CPU
		{189A1C06-F070-4BCD-808A-CEC3AB2F5856}.Debug|Any CPU.Build.0 = Debug|Any CPU
		{189A1C06-F070-4BCD-808A-CEC3AB2F5856}.Release|Any CPU.ActiveCfg = Release|Any CPU
		{189A1C06-F070-4BCD-808A-CEC3AB2F5856}.Release|Any CPU.Build.0 = Release|Any CPU
		{5AC8A980-8AF3-4C41-8F87-A69EBD02871C}.Debug|Any CPU.ActiveCfg = Debug|Any CPU
		{5AC8A980-8AF3-4C41-8F87-A69EBD02871C}.Debug|Any CPU.Build.0 = Debug|Any CPU
		{5AC8A980-8AF3-4C41-8F87-A69EBD02871C}.Release|Any CPU.ActiveCfg = Release|Any CPU
		{5AC8A980-8AF3-4C41-8F87-A69EBD02871C}.Release|Any CPU.Build.0 = Release|Any CPU
		{8F02FE67-5EEC-4F2B-BE69-94637EBC2290}.Debug|Any CPU.ActiveCfg = Debug|Any CPU
		{8F02FE67-5EEC-4F2B-BE69-94637EBC2290}.Debug|Any CPU.Build.0 = Debug|Any CPU
		{8F02FE67-5EEC-4F2B-BE69-94637EBC2290}.Release|Any CPU.ActiveCfg = Release|Any CPU
		{8F02FE67-5EEC-4F2B-BE69-94637EBC2290}.Release|Any CPU.Build.0 = Release|Any CPU
		{B3805692-F40B-44A4-A827-E7D83BCBA6E4}.Debug|Any CPU.ActiveCfg = Debug|Any CPU
		{B3805692-F40B-44A4-A827-E7D83BCBA6E4}.Debug|Any CPU.Build.0 = Debug|Any CPU
		{B3805692-F40B-44A4-A827-E7D83BCBA6E4}.Release|Any CPU.ActiveCfg = Release|Any CPU
		{B3805692-F40B-44A4-A827-E7D83BCBA6E4}.Release|Any CPU.Build.0 = Release|Any CPU
		{3BE06927-8C2B-415C-99F2-8339EC5707E5}.Debug|Any CPU.ActiveCfg = Debug|Any CPU
		{3BE06927-8C2B-415C-99F2-8339EC5707E5}.Debug|Any CPU.Build.0 = Debug|Any CPU
		{3BE06927-8C2B-415C-99F2-8339EC5707E5}.Release|Any CPU.ActiveCfg = Release|Any CPU
		{3BE06927-8C2B-415C-99F2-8339EC5707E5}.Release|Any CPU.Build.0 = Release|Any CPU
		{14224D03-412C-46C1-A359-B7AB276711D1}.Debug|Any CPU.ActiveCfg = Debug|Any CPU
		{14224D03-412C-46C1-A359-B7AB276711D1}.Debug|Any CPU.Build.0 = Debug|Any CPU
		{14224D03-412C-46C1-A359-B7AB276711D1}.Release|Any CPU.ActiveCfg = Release|Any CPU
		{14224D03-412C-46C1-A359-B7AB276711D1}.Release|Any CPU.Build.0 = Release|Any CPU
		{93B9FE64-7C2F-4B79-8ABD-CC65D7E730D1}.Debug|Any CPU.ActiveCfg = Debug|Any CPU
		{93B9FE64-7C2F-4B79-8ABD-CC65D7E730D1}.Debug|Any CPU.Build.0 = Debug|Any CPU
		{93B9FE64-7C2F-4B79-8ABD-CC65D7E730D1}.Release|Any CPU.ActiveCfg = Release|Any CPU
		{93B9FE64-7C2F-4B79-8ABD-CC65D7E730D1}.Release|Any CPU.Build.0 = Release|Any CPU
		{A1103E2D-2CC0-434D-9581-7F762661E7A5}.Debug|Any CPU.ActiveCfg = Debug|Any CPU
		{A1103E2D-2CC0-434D-9581-7F762661E7A5}.Debug|Any CPU.Build.0 = Debug|Any CPU
		{A1103E2D-2CC0-434D-9581-7F762661E7A5}.Release|Any CPU.ActiveCfg = Release|Any CPU
		{A1103E2D-2CC0-434D-9581-7F762661E7A5}.Release|Any CPU.Build.0 = Release|Any CPU
		{FEF88139-50D2-4F60-B41F-C8370355235F}.Debug|Any CPU.ActiveCfg = Debug|Any CPU
		{FEF88139-50D2-4F60-B41F-C8370355235F}.Debug|Any CPU.Build.0 = Debug|Any CPU
		{FEF88139-50D2-4F60-B41F-C8370355235F}.Release|Any CPU.ActiveCfg = Release|Any CPU
		{FEF88139-50D2-4F60-B41F-C8370355235F}.Release|Any CPU.Build.0 = Release|Any CPU
		{B7353E68-DB9C-4E54-8141-9F549B0CCD21}.Debug|Any CPU.ActiveCfg = Debug|Any CPU
		{B7353E68-DB9C-4E54-8141-9F549B0CCD21}.Debug|Any CPU.Build.0 = Debug|Any CPU
		{B7353E68-DB9C-4E54-8141-9F549B0CCD21}.Release|Any CPU.ActiveCfg = Release|Any CPU
		{B7353E68-DB9C-4E54-8141-9F549B0CCD21}.Release|Any CPU.Build.0 = Release|Any CPU
		{D6BD8E54-79A7-42A1-97A9-1CCB5E3A28EC}.Debug|Any CPU.ActiveCfg = Debug|Any CPU
		{D6BD8E54-79A7-42A1-97A9-1CCB5E3A28EC}.Debug|Any CPU.Build.0 = Debug|Any CPU
		{D6BD8E54-79A7-42A1-97A9-1CCB5E3A28EC}.Release|Any CPU.ActiveCfg = Release|Any CPU
		{D6BD8E54-79A7-42A1-97A9-1CCB5E3A28EC}.Release|Any CPU.Build.0 = Release|Any CPU
		{CDEEE9DB-5B55-453D-833D-C6E44D889633}.Debug|Any CPU.ActiveCfg = Debug|Any CPU
		{CDEEE9DB-5B55-453D-833D-C6E44D889633}.Debug|Any CPU.Build.0 = Debug|Any CPU
		{CDEEE9DB-5B55-453D-833D-C6E44D889633}.Release|Any CPU.ActiveCfg = Release|Any CPU
		{CDEEE9DB-5B55-453D-833D-C6E44D889633}.Release|Any CPU.Build.0 = Release|Any CPU
		{34AEED0B-42BA-4002-B634-04A83C7E725C}.Debug|Any CPU.ActiveCfg = Debug|Any CPU
		{34AEED0B-42BA-4002-B634-04A83C7E725C}.Debug|Any CPU.Build.0 = Debug|Any CPU
		{34AEED0B-42BA-4002-B634-04A83C7E725C}.Release|Any CPU.ActiveCfg = Release|Any CPU
		{34AEED0B-42BA-4002-B634-04A83C7E725C}.Release|Any CPU.Build.0 = Release|Any CPU
		{CF36C739-76C9-41AE-BF66-E5B7FC9FE9A4}.Debug|Any CPU.ActiveCfg = Debug|Any CPU
		{CF36C739-76C9-41AE-BF66-E5B7FC9FE9A4}.Debug|Any CPU.Build.0 = Debug|Any CPU
		{CF36C739-76C9-41AE-BF66-E5B7FC9FE9A4}.Release|Any CPU.ActiveCfg = Release|Any CPU
		{CF36C739-76C9-41AE-BF66-E5B7FC9FE9A4}.Release|Any CPU.Build.0 = Release|Any CPU
		{D34E8A11-0905-469C-B87A-7D9B6C7F08C8}.Debug|Any CPU.ActiveCfg = Debug|Any CPU
		{D34E8A11-0905-469C-B87A-7D9B6C7F08C8}.Debug|Any CPU.Build.0 = Debug|Any CPU
		{D34E8A11-0905-469C-B87A-7D9B6C7F08C8}.Release|Any CPU.ActiveCfg = Release|Any CPU
		{D34E8A11-0905-469C-B87A-7D9B6C7F08C8}.Release|Any CPU.Build.0 = Release|Any CPU
		{030547F9-3658-4747-AC08-59DC49F61271}.Debug|Any CPU.ActiveCfg = Debug|Any CPU
		{030547F9-3658-4747-AC08-59DC49F61271}.Debug|Any CPU.Build.0 = Debug|Any CPU
		{030547F9-3658-4747-AC08-59DC49F61271}.Release|Any CPU.ActiveCfg = Release|Any CPU
		{030547F9-3658-4747-AC08-59DC49F61271}.Release|Any CPU.Build.0 = Release|Any CPU
		{6A2E4BE5-DE0C-4439-A56F-60FF8D4C84EA}.Debug|Any CPU.ActiveCfg = Debug|Any CPU
		{6A2E4BE5-DE0C-4439-A56F-60FF8D4C84EA}.Debug|Any CPU.Build.0 = Debug|Any CPU
		{6A2E4BE5-DE0C-4439-A56F-60FF8D4C84EA}.Release|Any CPU.ActiveCfg = Release|Any CPU
		{6A2E4BE5-DE0C-4439-A56F-60FF8D4C84EA}.Release|Any CPU.Build.0 = Release|Any CPU
		{A2AB397A-BDA2-4F6B-BDDB-2C7861A9AEBA}.Debug|Any CPU.ActiveCfg = Debug|Any CPU
		{A2AB397A-BDA2-4F6B-BDDB-2C7861A9AEBA}.Debug|Any CPU.Build.0 = Debug|Any CPU
		{A2AB397A-BDA2-4F6B-BDDB-2C7861A9AEBA}.Release|Any CPU.ActiveCfg = Release|Any CPU
		{A2AB397A-BDA2-4F6B-BDDB-2C7861A9AEBA}.Release|Any CPU.Build.0 = Release|Any CPU
		{5F4CD1AD-7C36-4EEF-BCAD-CD26EBD6FE1A}.Debug|Any CPU.ActiveCfg = Debug|Any CPU
		{5F4CD1AD-7C36-4EEF-BCAD-CD26EBD6FE1A}.Debug|Any CPU.Build.0 = Debug|Any CPU
		{5F4CD1AD-7C36-4EEF-BCAD-CD26EBD6FE1A}.Release|Any CPU.ActiveCfg = Release|Any CPU
		{5F4CD1AD-7C36-4EEF-BCAD-CD26EBD6FE1A}.Release|Any CPU.Build.0 = Release|Any CPU
		{7519E2C9-3D0A-4E4A-90AC-102EAB738BDC}.Debug|Any CPU.ActiveCfg = Debug|Any CPU
		{7519E2C9-3D0A-4E4A-90AC-102EAB738BDC}.Debug|Any CPU.Build.0 = Debug|Any CPU
		{7519E2C9-3D0A-4E4A-90AC-102EAB738BDC}.Release|Any CPU.ActiveCfg = Release|Any CPU
		{7519E2C9-3D0A-4E4A-90AC-102EAB738BDC}.Release|Any CPU.Build.0 = Release|Any CPU
		{27F16842-325C-4BF8-8F9E-AF23E1B0C44B}.Debug|Any CPU.ActiveCfg = Debug|Any CPU
		{27F16842-325C-4BF8-8F9E-AF23E1B0C44B}.Debug|Any CPU.Build.0 = Debug|Any CPU
		{27F16842-325C-4BF8-8F9E-AF23E1B0C44B}.Release|Any CPU.ActiveCfg = Release|Any CPU
		{27F16842-325C-4BF8-8F9E-AF23E1B0C44B}.Release|Any CPU.Build.0 = Release|Any CPU
		{DF4DC306-71F8-4A70-A05F-F561DABEB6DD}.Debug|Any CPU.ActiveCfg = Debug|Any CPU
		{DF4DC306-71F8-4A70-A05F-F561DABEB6DD}.Debug|Any CPU.Build.0 = Debug|Any CPU
		{DF4DC306-71F8-4A70-A05F-F561DABEB6DD}.Release|Any CPU.ActiveCfg = Release|Any CPU
		{DF4DC306-71F8-4A70-A05F-F561DABEB6DD}.Release|Any CPU.Build.0 = Release|Any CPU
		{03BE2F85-E4DC-4F3F-886D-5AFCE5471600}.Debug|Any CPU.ActiveCfg = Debug|Any CPU
		{03BE2F85-E4DC-4F3F-886D-5AFCE5471600}.Debug|Any CPU.Build.0 = Debug|Any CPU
		{03BE2F85-E4DC-4F3F-886D-5AFCE5471600}.Release|Any CPU.ActiveCfg = Release|Any CPU
		{03BE2F85-E4DC-4F3F-886D-5AFCE5471600}.Release|Any CPU.Build.0 = Release|Any CPU
		{D1E4C41C-86A4-401D-A34F-D03417EF3BAD}.Debug|Any CPU.ActiveCfg = Debug|Any CPU
		{D1E4C41C-86A4-401D-A34F-D03417EF3BAD}.Debug|Any CPU.Build.0 = Debug|Any CPU
		{D1E4C41C-86A4-401D-A34F-D03417EF3BAD}.Release|Any CPU.ActiveCfg = Release|Any CPU
		{D1E4C41C-86A4-401D-A34F-D03417EF3BAD}.Release|Any CPU.Build.0 = Release|Any CPU
		{4416E118-6DF2-4C64-B49F-C06064480D2A}.Debug|Any CPU.ActiveCfg = Debug|Any CPU
		{4416E118-6DF2-4C64-B49F-C06064480D2A}.Debug|Any CPU.Build.0 = Debug|Any CPU
		{4416E118-6DF2-4C64-B49F-C06064480D2A}.Release|Any CPU.ActiveCfg = Release|Any CPU
		{4416E118-6DF2-4C64-B49F-C06064480D2A}.Release|Any CPU.Build.0 = Release|Any CPU
		{0F86D209-5EB1-4612-A477-43B5446837EE}.Debug|Any CPU.ActiveCfg = Debug|Any CPU
		{0F86D209-5EB1-4612-A477-43B5446837EE}.Debug|Any CPU.Build.0 = Debug|Any CPU
		{0F86D209-5EB1-4612-A477-43B5446837EE}.Release|Any CPU.ActiveCfg = Release|Any CPU
		{0F86D209-5EB1-4612-A477-43B5446837EE}.Release|Any CPU.Build.0 = Release|Any CPU
		{C056B452-2390-4D0C-8EF7-B18A6960F38E}.Debug|Any CPU.ActiveCfg = Debug|Any CPU
		{C056B452-2390-4D0C-8EF7-B18A6960F38E}.Debug|Any CPU.Build.0 = Debug|Any CPU
		{C056B452-2390-4D0C-8EF7-B18A6960F38E}.Release|Any CPU.ActiveCfg = Release|Any CPU
		{C056B452-2390-4D0C-8EF7-B18A6960F38E}.Release|Any CPU.Build.0 = Release|Any CPU
		{3E497F65-D82A-40AF-A733-E37936CEF4A2}.Debug|Any CPU.ActiveCfg = Debug|Any CPU
		{3E497F65-D82A-40AF-A733-E37936CEF4A2}.Debug|Any CPU.Build.0 = Debug|Any CPU
		{3E497F65-D82A-40AF-A733-E37936CEF4A2}.Release|Any CPU.ActiveCfg = Release|Any CPU
		{3E497F65-D82A-40AF-A733-E37936CEF4A2}.Release|Any CPU.Build.0 = Release|Any CPU
		{77B8E6AD-A1FA-48A5-AC92-04086D64FF94}.Debug|Any CPU.ActiveCfg = Debug|Any CPU
		{77B8E6AD-A1FA-48A5-AC92-04086D64FF94}.Debug|Any CPU.Build.0 = Debug|Any CPU
		{77B8E6AD-A1FA-48A5-AC92-04086D64FF94}.Release|Any CPU.ActiveCfg = Release|Any CPU
		{77B8E6AD-A1FA-48A5-AC92-04086D64FF94}.Release|Any CPU.Build.0 = Release|Any CPU
		{0883C17F-14E4-4672-94AB-CC7A6AA80940}.Debug|Any CPU.ActiveCfg = Debug|Any CPU
		{0883C17F-14E4-4672-94AB-CC7A6AA80940}.Debug|Any CPU.Build.0 = Debug|Any CPU
		{0883C17F-14E4-4672-94AB-CC7A6AA80940}.Release|Any CPU.ActiveCfg = Release|Any CPU
		{0883C17F-14E4-4672-94AB-CC7A6AA80940}.Release|Any CPU.Build.0 = Release|Any CPU
		{D534892B-E8ED-4583-BBB1-7D2FF9BA640E}.Debug|Any CPU.ActiveCfg = Debug|Any CPU
		{D534892B-E8ED-4583-BBB1-7D2FF9BA640E}.Debug|Any CPU.Build.0 = Debug|Any CPU
		{D534892B-E8ED-4583-BBB1-7D2FF9BA640E}.Release|Any CPU.ActiveCfg = Release|Any CPU
		{D534892B-E8ED-4583-BBB1-7D2FF9BA640E}.Release|Any CPU.Build.0 = Release|Any CPU
		{4ADCDD2D-2EC2-4C5A-BDA8-81FAE31D19C1}.Debug|Any CPU.ActiveCfg = Debug|Any CPU
		{4ADCDD2D-2EC2-4C5A-BDA8-81FAE31D19C1}.Debug|Any CPU.Build.0 = Debug|Any CPU
		{4ADCDD2D-2EC2-4C5A-BDA8-81FAE31D19C1}.Release|Any CPU.ActiveCfg = Release|Any CPU
		{4ADCDD2D-2EC2-4C5A-BDA8-81FAE31D19C1}.Release|Any CPU.Build.0 = Release|Any CPU
		{6E4BF793-080F-45B2-A4E0-6C8010B7E649}.Debug|Any CPU.ActiveCfg = Debug|Any CPU
		{6E4BF793-080F-45B2-A4E0-6C8010B7E649}.Debug|Any CPU.Build.0 = Debug|Any CPU
		{6E4BF793-080F-45B2-A4E0-6C8010B7E649}.Release|Any CPU.ActiveCfg = Release|Any CPU
		{6E4BF793-080F-45B2-A4E0-6C8010B7E649}.Release|Any CPU.Build.0 = Release|Any CPU
	EndGlobalSection
	GlobalSection(SolutionProperties) = preSolution
		HideSolutionNode = FALSE
	EndGlobalSection
	GlobalSection(ExtensibilityGlobals) = postSolution
		SolutionGuid = {170D7271-9F9C-4206-AB4A-42F96077EFF4}
	EndGlobalSection
EndGlobal
